{
  "name": "herver",
  "version": "0.3.0",
  "lockfileVersion": 1,
  "requires": true,
  "dependencies": {
    "@types/node": {
      "version": "12.12.17",
      "resolved": "https://registry.npm.taobao.org/@types/node/download/@types/node-12.12.17.tgz?cache=0&sync_timestamp=1576005890806&other_urls=https%3A%2F%2Fregistry.npm.taobao.org%2F%40types%2Fnode%2Fdownload%2F%40types%2Fnode-12.12.17.tgz",
      "integrity": "sha1-GRtx5/TDJe4PsjvEqZZHfZK4w5s=",
      "dev": true
    },
    "typescript": {
      "version": "3.7.3",
      "resolved": "https://registry.npm.taobao.org/typescript/download/typescript-3.7.3.tgz",
      "integrity": "sha1-s2hAZooWRYpwJbnqv60Rtmq4XGk=",
      "dev": true
    }
  }
}
